{
  "name": "nextbot",
  "version": "0.0.4",
  "lockfileVersion": 1,
  "dependencies": {
    "@types/core-js": {
      "version": "0.9.41",
      "resolved": "https://registry.npmjs.org/@types/core-js/-/core-js-0.9.41.tgz",
      "integrity": "sha1-z+zrY8K+qin4giUsfBjg6Ucf9OI="
    },
    "@types/node": {
      "version": "7.0.29",
      "resolved": "https://registry.npmjs.org/@types/node/-/node-7.0.29.tgz",
      "integrity": "sha512-+8JrLZny/uR+d/jLK9eaV63buRM7X/gNzQk57q76NS4KNKLSKOmxJYFIlwuP2zDvA7wqZj05POPhSd9Z1hYQpQ=="
    }
  }
}
